
Microsoft Visual Studio Solution File, Format Version 12.00
# Visual Studio Version 17
VisualStudioVersion = 17.2.32505.173
MinimumVisualStudioVersion = 10.0.40219.1
Project("{9A19103F-16F7-4668-BE54-9A1E7A4F7556}") = "01BasicStackOperations", "01BasicStackOperations\01BasicStackOperations.csproj", "{4F9F158A-9ED1-4FF6-BC45-9AD67FF9A9C6}"
EndProject
Project("{9A19103F-16F7-4668-BE54-9A1E7A4F7556}") = "02BasicQueueOperations", "02BasicQueueOperations\02BasicQueueOperations.csproj", "{8F141F65-802F-42A4-A63F-E3C099566DD0}"
EndProject
Project("{9A19103F-16F7-4668-BE54-9A1E7A4F7556}") = "03MaximumAndMinimumElement", "03MaximumAndMinimumElement\03MaximumAndMinimumElement.csproj", "{C480991F-B1F7-4DCB-8279-15296AC9E549}"
EndProject
Project("{9A19103F-16F7-4668-BE54-9A1E7A4F7556}") = "04FastFood", "04FastFood\04FastFood.csproj", "{9FE863C7-2A6B-4054-A448-7493842B5E90}"
EndProject
Project("{9A19103F-16F7-4668-BE54-9A1E7A4F7556}") = "05FashionBoutique", "05FashionBoutique\05FashionBoutique.csproj", "{280DAC1C-C9A1-4298-8B5F-D7B3F28C792C}"
EndProject
Project("{9A19103F-16F7-4668-BE54-9A1E7A4F7556}") = "06SongsQueue", "06SongsQueue\06SongsQueue.csproj", "{820A1E1B-330B-4C19-B320-653F41B36238}"
EndProject
Project("{9A19103F-16F7-4668-BE54-9A1E7A4F7556}") = "07TruckTour", "07TruckTour\07TruckTour.csproj", "{E7F011BE-037C-4A08-98D7-2A6AB8A6D1D1}"
EndProject
Project("{9A19103F-16F7-4668-BE54-9A1E7A4F7556}") = "07TruckTour-2", "07TruckTour-2\07TruckTour-2.csproj", "{6DD4E528-716A-4265-8DA6-D9B1E0E115EB}"
EndProject
Project("{9A19103F-16F7-4668-BE54-9A1E7A4F7556}") = "08BalancedParenthesis", "08BalancedParenthesis\08BalancedParenthesis.csproj", "{9CD3ED77-11CF-428F-9D52-57E6FB8085D4}"
EndProject
Project("{9A19103F-16F7-4668-BE54-9A1E7A4F7556}") = "09SimpleTextEditor", "09SimpleTextEditor\09SimpleTextEditor.csproj", "{C815CF9D-E7B7-452B-9E3E-1E0DCD36DDFD}"
EndProject
Project("{FAE04EC0-301F-11D3-BF4B-00C04F79EFBC}") = "10Crossroads", "10Crossroads\10Crossroads.csproj", "{9FA70DB7-6F69-4958-BC20-3F631A89C490}"
EndProject
Project("{FAE04EC0-301F-11D3-BF4B-00C04F79EFBC}") = "11KeyRevolver", "11KeyRevolver\11KeyRevolver.csproj", "{0E2D89B1-A4DF-4B95-BB67-A064BEDE88B5}"
EndProject
Project("{FAE04EC0-301F-11D3-BF4B-00C04F79EFBC}") = "12CupsAndBottles", "12CupsAndBottles\12CupsAndBottles.csproj", "{8D3EFB9E-DA03-4E59-9C9E-0BCAECDB8ED6}"
EndProject
Global
	GlobalSection(SolutionConfigurationPlatforms) = preSolution
		Debug|Any CPU = Debug|Any CPU
		Release|Any CPU = Release|Any CPU
	EndGlobalSection
	GlobalSection(ProjectConfigurationPlatforms) = postSolution
		{4F9F158A-9ED1-4FF6-BC45-9AD67FF9A9C6}.Debug|Any CPU.ActiveCfg = Debug|Any CPU
		{4F9F158A-9ED1-4FF6-BC45-9AD67FF9A9C6}.Debug|Any CPU.Build.0 = Debug|Any CPU
		{4F9F158A-9ED1-4FF6-BC45-9AD67FF9A9C6}.Release|Any CPU.ActiveCfg = Release|Any CPU
		{4F9F158A-9ED1-4FF6-BC45-9AD67FF9A9C6}.Release|Any CPU.Build.0 = Release|Any CPU
		{8F141F65-802F-42A4-A63F-E3C099566DD0}.Debug|Any CPU.ActiveCfg = Debug|Any CPU
		{8F141F65-802F-42A4-A63F-E3C099566DD0}.Debug|Any CPU.Build.0 = Debug|Any CPU
		{8F141F65-802F-42A4-A63F-E3C099566DD0}.Release|Any CPU.ActiveCfg = Release|Any CPU
		{8F141F65-802F-42A4-A63F-E3C099566DD0}.Release|Any CPU.Build.0 = Release|Any CPU
		{C480991F-B1F7-4DCB-8279-15296AC9E549}.Debug|Any CPU.ActiveCfg = Debug|Any CPU
		{C480991F-B1F7-4DCB-8279-15296AC9E549}.Debug|Any CPU.Build.0 = Debug|Any CPU
		{C480991F-B1F7-4DCB-8279-15296AC9E549}.Release|Any CPU.ActiveCfg = Release|Any CPU
		{C480991F-B1F7-4DCB-8279-15296AC9E549}.Release|Any CPU.Build.0 = Release|Any CPU
		{9FE863C7-2A6B-4054-A448-7493842B5E90}.Debug|Any CPU.ActiveCfg = Debug|Any CPU
		{9FE863C7-2A6B-4054-A448-7493842B5E90}.Debug|Any CPU.Build.0 = Debug|Any CPU
		{9FE863C7-2A6B-4054-A448-7493842B5E90}.Release|Any CPU.ActiveCfg = Release|Any CPU
		{9FE863C7-2A6B-4054-A448-7493842B5E90}.Release|Any CPU.Build.0 = Release|Any CPU
		{280DAC1C-C9A1-4298-8B5F-D7B3F28C792C}.Debug|Any CPU.ActiveCfg = Debug|Any CPU
		{280DAC1C-C9A1-4298-8B5F-D7B3F28C792C}.Debug|Any CPU.Build.0 = Debug|Any CPU
		{280DAC1C-C9A1-4298-8B5F-D7B3F28C792C}.Release|Any CPU.ActiveCfg = Release|Any CPU
		{280DAC1C-C9A1-4298-8B5F-D7B3F28C792C}.Release|Any CPU.Build.0 = Release|Any CPU
		{820A1E1B-330B-4C19-B320-653F41B36238}.Debug|Any CPU.ActiveCfg = Debug|Any CPU
		{820A1E1B-330B-4C19-B320-653F41B36238}.Debug|Any CPU.Build.0 = Debug|Any CPU
		{820A1E1B-330B-4C19-B320-653F41B36238}.Release|Any CPU.ActiveCfg = Release|Any CPU
		{820A1E1B-330B-4C19-B320-653F41B36238}.Release|Any CPU.Build.0 = Release|Any CPU
		{E7F011BE-037C-4A08-98D7-2A6AB8A6D1D1}.Debug|Any CPU.ActiveCfg = Debug|Any CPU
		{E7F011BE-037C-4A08-98D7-2A6AB8A6D1D1}.Debug|Any CPU.Build.0 = Debug|Any CPU
		{E7F011BE-037C-4A08-98D7-2A6AB8A6D1D1}.Release|Any CPU.ActiveCfg = Release|Any CPU
		{E7F011BE-037C-4A08-98D7-2A6AB8A6D1D1}.Release|Any CPU.Build.0 = Release|Any CPU
		{6DD4E528-716A-4265-8DA6-D9B1E0E115EB}.Debug|Any CPU.ActiveCfg = Debug|Any CPU
		{6DD4E528-716A-4265-8DA6-D9B1E0E115EB}.Debug|Any CPU.Build.0 = Debug|Any CPU
		{6DD4E528-716A-4265-8DA6-D9B1E0E115EB}.Release|Any CPU.ActiveCfg = Release|Any CPU
		{6DD4E528-716A-4265-8DA6-D9B1E0E115EB}.Release|Any CPU.Build.0 = Release|Any CPU
		{9CD3ED77-11CF-428F-9D52-57E6FB8085D4}.Debug|Any CPU.ActiveCfg = Debug|Any CPU
		{9CD3ED77-11CF-428F-9D52-57E6FB8085D4}.Debug|Any CPU.Build.0 = Debug|Any CPU
		{9CD3ED77-11CF-428F-9D52-57E6FB8085D4}.Release|Any CPU.ActiveCfg = Release|Any CPU
		{9CD3ED77-11CF-428F-9D52-57E6FB8085D4}.Release|Any CPU.Build.0 = Release|Any CPU
		{C815CF9D-E7B7-452B-9E3E-1E0DCD36DDFD}.Debug|Any CPU.ActiveCfg = Debug|Any CPU
		{C815CF9D-E7B7-452B-9E3E-1E0DCD36DDFD}.Debug|Any CPU.Build.0 = Debug|Any CPU
		{C815CF9D-E7B7-452B-9E3E-1E0DCD36DDFD}.Release|Any CPU.ActiveCfg = Release|Any CPU
		{C815CF9D-E7B7-452B-9E3E-1E0DCD36DDFD}.Release|Any CPU.Build.0 = Release|Any CPU
		{9FA70DB7-6F69-4958-BC20-3F631A89C490}.Debug|Any CPU.ActiveCfg = Debug|Any CPU
		{9FA70DB7-6F69-4958-BC20-3F631A89C490}.Debug|Any CPU.Build.0 = Debug|Any CPU
		{9FA70DB7-6F69-4958-BC20-3F631A89C490}.Release|Any CPU.ActiveCfg = Release|Any CPU
		{9FA70DB7-6F69-4958-BC20-3F631A89C490}.Release|Any CPU.Build.0 = Release|Any CPU
		{0E2D89B1-A4DF-4B95-BB67-A064BEDE88B5}.Debug|Any CPU.ActiveCfg = Debug|Any CPU
		{0E2D89B1-A4DF-4B95-BB67-A064BEDE88B5}.Debug|Any CPU.Build.0 = Debug|Any CPU
		{0E2D89B1-A4DF-4B95-BB67-A064BEDE88B5}.Release|Any CPU.ActiveCfg = Release|Any CPU
		{0E2D89B1-A4DF-4B95-BB67-A064BEDE88B5}.Release|Any CPU.Build.0 = Release|Any CPU
		{8D3EFB9E-DA03-4E59-9C9E-0BCAECDB8ED6}.Debug|Any CPU.ActiveCfg = Debug|Any CPU
		{8D3EFB9E-DA03-4E59-9C9E-0BCAECDB8ED6}.Debug|Any CPU.Build.0 = Debug|Any CPU
		{8D3EFB9E-DA03-4E59-9C9E-0BCAECDB8ED6}.Release|Any CPU.ActiveCfg = Release|Any CPU
		{8D3EFB9E-DA03-4E59-9C9E-0BCAECDB8ED6}.Release|Any CPU.Build.0 = Release|Any CPU
	EndGlobalSection
	GlobalSection(SolutionProperties) = preSolution
		HideSolutionNode = FALSE
	EndGlobalSection
	GlobalSection(ExtensibilityGlobals) = postSolution
		SolutionGuid = {46E68E95-1E62-4341-AD97-F909B8F0FDC8}
	EndGlobalSection
EndGlobal
