
Microsoft Visual Studio Solution File, Format Version 12.00
# Visual Studio Version 17
VisualStudioVersion = 17.2.32505.173
MinimumVisualStudioVersion = 10.0.40219.1
Project("{9A19103F-16F7-4668-BE54-9A1E7A4F7556}") = "1SumMatrixElements", "1SumMatrixElements\1SumMatrixElements.csproj", "{6686C366-104C-4D6F-8BE4-B5951002BA04}"
EndProject
Project("{9A19103F-16F7-4668-BE54-9A1E7A4F7556}") = "2SumMatrixColumns", "2SumMatrixColumns\2SumMatrixColumns.csproj", "{F5949DE0-59AC-449B-8831-252C6C0F33E6}"
EndProject
Project("{FAE04EC0-301F-11D3-BF4B-00C04F79EFBC}") = "3.Primary Diagonal", "3.Primary Diagonal\3.Primary Diagonal.csproj", "{CF3B1D66-0A0D-4A34-BAB1-AE582F4D95D3}"
EndProject
Global
	GlobalSection(SolutionConfigurationPlatforms) = preSolution
		Debug|Any CPU = Debug|Any CPU
		Release|Any CPU = Release|Any CPU
	EndGlobalSection
	GlobalSection(ProjectConfigurationPlatforms) = postSolution
		{6686C366-104C-4D6F-8BE4-B5951002BA04}.Debug|Any CPU.ActiveCfg = Debug|Any CPU
		{6686C366-104C-4D6F-8BE4-B5951002BA04}.Debug|Any CPU.Build.0 = Debug|Any CPU
		{6686C366-104C-4D6F-8BE4-B5951002BA04}.Release|Any CPU.ActiveCfg = Release|Any CPU
		{6686C366-104C-4D6F-8BE4-B5951002BA04}.Release|Any CPU.Build.0 = Release|Any CPU
		{F5949DE0-59AC-449B-8831-252C6C0F33E6}.Debug|Any CPU.ActiveCfg = Debug|Any CPU
		{F5949DE0-59AC-449B-8831-252C6C0F33E6}.Debug|Any CPU.Build.0 = Debug|Any CPU
		{F5949DE0-59AC-449B-8831-252C6C0F33E6}.Release|Any CPU.ActiveCfg = Release|Any CPU
		{F5949DE0-59AC-449B-8831-252C6C0F33E6}.Release|Any CPU.Build.0 = Release|Any CPU
		{CF3B1D66-0A0D-4A34-BAB1-AE582F4D95D3}.Debug|Any CPU.ActiveCfg = Debug|Any CPU
		{CF3B1D66-0A0D-4A34-BAB1-AE582F4D95D3}.Debug|Any CPU.Build.0 = Debug|Any CPU
		{CF3B1D66-0A0D-4A34-BAB1-AE582F4D95D3}.Release|Any CPU.ActiveCfg = Release|Any CPU
		{CF3B1D66-0A0D-4A34-BAB1-AE582F4D95D3}.Release|Any CPU.Build.0 = Release|Any CPU
	EndGlobalSection
	GlobalSection(SolutionProperties) = preSolution
		HideSolutionNode = FALSE
	EndGlobalSection
	GlobalSection(ExtensibilityGlobals) = postSolution
		SolutionGuid = {1CBDDA08-9F5B-4DB7-BE0C-2362D2140902}
	EndGlobalSection
EndGlobal
