
Microsoft Visual Studio Solution File, Format Version 12.00
# Visual Studio Version 17
VisualStudioVersion = 17.2.32505.173
MinimumVisualStudioVersion = 10.0.40219.1
Project("{FAE04EC0-301F-11D3-BF4B-00C04F79EFBC}") = "1_ReverseaString", "1_ReverseaString\1_ReverseaString.csproj", "{E4158B04-0805-4100-9DEC-321A00D130A2}"
EndProject
Project("{FAE04EC0-301F-11D3-BF4B-00C04F79EFBC}") = "2_StackSum", "2_StackSum\2_StackSum.csproj", "{DEE5BD14-22FD-476A-8676-5EDBD8518144}"
EndProject
Project("{FAE04EC0-301F-11D3-BF4B-00C04F79EFBC}") = "3_SimpleCalculator", "3_SimpleCalculator\3_SimpleCalculator.csproj", "{191464F9-99F9-47CC-BDA6-1023247AA62D}"
EndProject
Project("{FAE04EC0-301F-11D3-BF4B-00C04F79EFBC}") = "4_MatchingBrackets", "4_MatchingBrackets\4_MatchingBrackets.csproj", "{F1ED46F8-E3D3-414C-9357-9FFA14C589EA}"
EndProject
Project("{FAE04EC0-301F-11D3-BF4B-00C04F79EFBC}") = "5_PrintEvenNumbers", "5_PrintEvenNumbers\5_PrintEvenNumbers.csproj", "{F78F6939-3A63-45D6-BECF-3AF4515BAF79}"
EndProject
Project("{FAE04EC0-301F-11D3-BF4B-00C04F79EFBC}") = "6_Supermarket", "6_Supermarket\6_Supermarket.csproj", "{8E526AA6-59DC-4480-9C29-F79C0ED86CB9}"
EndProject
Project("{FAE04EC0-301F-11D3-BF4B-00C04F79EFBC}") = "7_HotPotato", "7_HotPotato\7_HotPotato.csproj", "{18C2D78B-5752-45D9-B774-CB88A03C5DDB}"
EndProject
Project("{FAE04EC0-301F-11D3-BF4B-00C04F79EFBC}") = "8_TrafficJam", "8_TrafficJam\8_TrafficJam.csproj", "{AFDD2F22-AF4F-4AB2-8E38-1FCF4397B48A}"
EndProject
Global
	GlobalSection(SolutionConfigurationPlatforms) = preSolution
		Debug|Any CPU = Debug|Any CPU
		Release|Any CPU = Release|Any CPU
	EndGlobalSection
	GlobalSection(ProjectConfigurationPlatforms) = postSolution
		{E4158B04-0805-4100-9DEC-321A00D130A2}.Debug|Any CPU.ActiveCfg = Debug|Any CPU
		{E4158B04-0805-4100-9DEC-321A00D130A2}.Debug|Any CPU.Build.0 = Debug|Any CPU
		{E4158B04-0805-4100-9DEC-321A00D130A2}.Release|Any CPU.ActiveCfg = Release|Any CPU
		{E4158B04-0805-4100-9DEC-321A00D130A2}.Release|Any CPU.Build.0 = Release|Any CPU
		{DEE5BD14-22FD-476A-8676-5EDBD8518144}.Debug|Any CPU.ActiveCfg = Debug|Any CPU
		{DEE5BD14-22FD-476A-8676-5EDBD8518144}.Debug|Any CPU.Build.0 = Debug|Any CPU
		{DEE5BD14-22FD-476A-8676-5EDBD8518144}.Release|Any CPU.ActiveCfg = Release|Any CPU
		{DEE5BD14-22FD-476A-8676-5EDBD8518144}.Release|Any CPU.Build.0 = Release|Any CPU
		{191464F9-99F9-47CC-BDA6-1023247AA62D}.Debug|Any CPU.ActiveCfg = Debug|Any CPU
		{191464F9-99F9-47CC-BDA6-1023247AA62D}.Debug|Any CPU.Build.0 = Debug|Any CPU
		{191464F9-99F9-47CC-BDA6-1023247AA62D}.Release|Any CPU.ActiveCfg = Release|Any CPU
		{191464F9-99F9-47CC-BDA6-1023247AA62D}.Release|Any CPU.Build.0 = Release|Any CPU
		{F1ED46F8-E3D3-414C-9357-9FFA14C589EA}.Debug|Any CPU.ActiveCfg = Debug|Any CPU
		{F1ED46F8-E3D3-414C-9357-9FFA14C589EA}.Debug|Any CPU.Build.0 = Debug|Any CPU
		{F1ED46F8-E3D3-414C-9357-9FFA14C589EA}.Release|Any CPU.ActiveCfg = Release|Any CPU
		{F1ED46F8-E3D3-414C-9357-9FFA14C589EA}.Release|Any CPU.Build.0 = Release|Any CPU
		{F78F6939-3A63-45D6-BECF-3AF4515BAF79}.Debug|Any CPU.ActiveCfg = Debug|Any CPU
		{F78F6939-3A63-45D6-BECF-3AF4515BAF79}.Debug|Any CPU.Build.0 = Debug|Any CPU
		{F78F6939-3A63-45D6-BECF-3AF4515BAF79}.Release|Any CPU.ActiveCfg = Release|Any CPU
		{F78F6939-3A63-45D6-BECF-3AF4515BAF79}.Release|Any CPU.Build.0 = Release|Any CPU
		{8E526AA6-59DC-4480-9C29-F79C0ED86CB9}.Debug|Any CPU.ActiveCfg = Debug|Any CPU
		{8E526AA6-59DC-4480-9C29-F79C0ED86CB9}.Debug|Any CPU.Build.0 = Debug|Any CPU
		{8E526AA6-59DC-4480-9C29-F79C0ED86CB9}.Release|Any CPU.ActiveCfg = Release|Any CPU
		{8E526AA6-59DC-4480-9C29-F79C0ED86CB9}.Release|Any CPU.Build.0 = Release|Any CPU
		{18C2D78B-5752-45D9-B774-CB88A03C5DDB}.Debug|Any CPU.ActiveCfg = Debug|Any CPU
		{18C2D78B-5752-45D9-B774-CB88A03C5DDB}.Debug|Any CPU.Build.0 = Debug|Any CPU
		{18C2D78B-5752-45D9-B774-CB88A03C5DDB}.Release|Any CPU.ActiveCfg = Release|Any CPU
		{18C2D78B-5752-45D9-B774-CB88A03C5DDB}.Release|Any CPU.Build.0 = Release|Any CPU
		{AFDD2F22-AF4F-4AB2-8E38-1FCF4397B48A}.Debug|Any CPU.ActiveCfg = Debug|Any CPU
		{AFDD2F22-AF4F-4AB2-8E38-1FCF4397B48A}.Debug|Any CPU.Build.0 = Debug|Any CPU
		{AFDD2F22-AF4F-4AB2-8E38-1FCF4397B48A}.Release|Any CPU.ActiveCfg = Release|Any CPU
		{AFDD2F22-AF4F-4AB2-8E38-1FCF4397B48A}.Release|Any CPU.Build.0 = Release|Any CPU
	EndGlobalSection
	GlobalSection(SolutionProperties) = preSolution
		HideSolutionNode = FALSE
	EndGlobalSection
	GlobalSection(ExtensibilityGlobals) = postSolution
		SolutionGuid = {8C62AF15-DF30-43F0-9994-D402370BC91C}
	EndGlobalSection
EndGlobal
